<?xml version="1.0" encoding="utf-8"?>
<Project ToolsVersion="4.0" xmlns="http://schemas.microsoft.com/developer/msbuild/2003">
  <ItemGroup>
    <Filter Include="Source Files">
      <UniqueIdentifier>{4FC737F1-C7A5-4376-A066-2A32D752A2FF}</UniqueIdentifier>
      <Extensions>cpp;c;cc;cxx;c++;cppm;ixx;def;odl;idl;hpj;bat;asm;asmx</Extensions>
    </Filter>
    <Filter Include="Header Files">
      <UniqueIdentifier>{93995380-89BD-4b04-88EB-625FBE52EBFB}</UniqueIdentifier>
      <Extensions>h;hh;hpp;hxx;h++;hm;inl;inc;ipp;xsd</Extensions>
    </Filter>
    <Filter Include="Resource Files">
      <UniqueIdentifier>{67DA6AB6-F800-4c08-8B7A-83BB121AAD01}</UniqueIdentifier>
      <Extensions>rc;ico;cur;bmp;dlg;rc2;rct;bin;rgs;gif;jpg;jpeg;jpe;resx;tiff;tif;png;wav;mfcribbon-ms</Extensions>
    </Filter>
  </ItemGroup>
  <ItemGroup>
    <ClCompile Include="main.cpp">
      <Filter>Source Files</Filter>
    </ClCompile>
    <ClCompile Include="source\Main\GameManager.cpp">
      <Filter>Source Files</Filter>
    </ClCompile>
    <ClCompile Include="source\Level\LevelController.cpp">
      <Filter>Source Files</Filter>
    </ClCompile>
    <ClCompile Include="source\Level\Controllers\LevelController1.cpp">
      <Filter>Source Files</Filter>
    </ClCompile>
    <ClCompile Include="source\Level\Controllers\LevelController2.cpp">
      <Filter>Source Files</Filter>
    </ClCompile>
    <ClCompile Include="source\Level\Controllers\LevelController3.cpp">
      <Filter>Source Files</Filter>
    </ClCompile>
    <ClCompile Include="source\Level\Controllers\LevelController4.cpp">
      <Filter>Source Files</Filter>
    </ClCompile>
    <ClCompile Include="source\Level\Controllers\LevelController5.cpp">
      <Filter>Source Files</Filter>
    </ClCompile>
    <ClCompile Include="source\Level\Controllers\LevelController6.cpp">
      <Filter>Source Files</Filter>
    </ClCompile>
    <ClCompile Include="source\Character\CharacterController.cpp">
      <Filter>Source Files</Filter>
    </ClCompile>
    <ClCompile Include="source\Character\Controllers\PlayerCharacterController.cpp">
      <Filter>Source Files</Filter>
    </ClCompile>
    <ClCompile Include="source\Character\Controllers\EnemyCharacterController.cpp">
      <Filter>Source Files</Filter>
    </ClCompile>
    <ClCompile Include="source\Character\Controllers\BossEnemyCharacterController.cpp">
      <Filter>Source Files</Filter>
    </ClCompile>
    <ClCompile Include="source\Item\ItemController.cpp">
      <Filter>Source Files</Filter>
    </ClCompile>
    <ClCompile Include="source\Item\Controllers\MapItemController.cpp">
      <Filter>Source Files</Filter>
    </ClCompile>
    <ClCompile Include="source\Item\Controllers\SwordItemController.cpp">
      <Filter>Source Files</Filter>
    </ClCompile>
    <ClCompile Include="source\Item\Controllers\ShieldItemController.cpp">
      <Filter>Source Files</Filter>
    </ClCompile>
    <ClCompile Include="source\Item\Controllers\ArmourItemController.cpp">
      <Filter>Source Files</Filter>
    </ClCompile>
    <ClCompile Include="source\Item\Controllers\BowItemController.cpp">
      <Filter>Source Files</Filter>
    </ClCompile>
    <ClCompile Include="source\Item\Controllers\GauntletItemController.cpp">
      <Filter>Source Files</Filter>
    </ClCompile>
    <ClCompile Include="source\Item\Controllers\BootItemController.cpp">
      <Filter>Source Files</Filter>
    </ClCompile>
    <ClCompile Include="source\Item\Controllers\AmuletItemController.cpp">
      <Filter>Source Files</Filter>
    </ClCompile>
    <ClCompile Include="source\Ability\SpecialAbilityController.cpp">
      <Filter>Source Files</Filter>
    </ClCompile>
    <ClCompile Include="source\Ability\Controllers\CriticalHitSpecialAbilityController.cpp">
      <Filter>Source Files</Filter>
    </ClCompile>
    <ClCompile Include="source\Ability\Controllers\BlockerSpecialAbilityController.cpp">
      <Filter>Source Files</Filter>
    </ClCompile>
    <ClCompile Include="source\Ability\Controllers\LifeStealSpecialAbilityController.cpp">
      <Filter>Source Files</Filter>
    </ClCompile>
    <ClCompile Include="source\Ability\Controllers\RangedAttackSpecialAbilityController.cpp">
      <Filter>Source Files</Filter>
    </ClCompile>
    <ClCompile Include="source\Ability\Controllers\GroundSlashSpecialAbilityController.cpp">
      <Filter>Source Files</Filter>
    </ClCompile>
    <ClCompile Include="source\Ability\Controllers\SpeedDashSpecialAbilityController.cpp">
      <Filter>Source Files</Filter>
    </ClCompile>
    <ClCompile Include="source\Ability\Controllers\HealthRegenerationSpecialAbilityController.cpp">
      <Filter>Source Files</Filter>
    </ClCompile>
  </ItemGroup>
  <ItemGroup>
    <ClInclude Include="header\Main\GameManager.h">
      <Filter>Header Files</Filter>
    </ClInclude>
    <ClInclude Include="header\Utility\Random.h">
      <Filter>Header Files</Filter>
    </ClInclude>
    <ClInclude Include="header\Level\LevelNumber.h">
      <Filter>Header Files</Filter>
    </ClInclude>
    <ClInclude Include="header\Level\LevelController.h">
      <Filter>Header Files</Filter>
    </ClInclude>
    <ClInclude Include="header\Level\Controllers\LevelController1.h">
      <Filter>Header Files</Filter>
    </ClInclude>
    <ClInclude Include="header\Level\Controllers\LevelController2.h">
      <Filter>Header Files</Filter>
    </ClInclude>
    <ClInclude Include="header\Level\Controllers\LevelController3.h">
      <Filter>Header Files</Filter>
    </ClInclude>
    <ClInclude Include="header\Level\Controllers\LevelController4.h">
      <Filter>Header Files</Filter>
    </ClInclude>
    <ClInclude Include="header\Level\Controllers\LevelController5.h">
      <Filter>Header Files</Filter>
    </ClInclude>
    <ClInclude Include="header\Level\Controllers\LevelController6.h">
      <Filter>Header Files</Filter>
    </ClInclude>
    <ClInclude Include="header\Character\CharacterType.h">
      <Filter>Header Files</Filter>
    </ClInclude>
    <ClInclude Include="header\Character\CharacterController.h">
      <Filter>Header Files</Filter>
    </ClInclude>
    <ClInclude Include="header\Character\Controllers\PlayerCharacterController.h">
      <Filter>Header Files</Filter>
    </ClInclude>
    <ClInclude Include="header\Character\Controllers\EnemyCharacterController.h">
      <Filter>Header Files</Filter>
    </ClInclude>
    <ClInclude Include="header\Character\Controllers\BossEnemyCharacterController.h">
      <Filter>Header Files</Filter>
    </ClInclude>
    <ClInclude Include="header\Item\ItemType.h">
      <Filter>Header Files</Filter>
    </ClInclude>
    <ClInclude Include="header\Item\ItemController.h">
      <Filter>Header Files</Filter>
    </ClInclude>
    <ClInclude Include="header\Item\Controllers\MapItemController.h">
      <Filter>Header Files</Filter>
    </ClInclude>
    <ClInclude Include="header\Item\Controllers\SwordItemController.h">
      <Filter>Header Files</Filter>
    </ClInclude>
    <ClInclude Include="header\Item\Controllers\ShieldItemController.h">
      <Filter>Header Files</Filter>
    </ClInclude>
    <ClInclude Include="header\Item\Controllers\ArmourItemController.h">
      <Filter>Header Files</Filter>
    </ClInclude>
    <ClInclude Include="header\Item\Controllers\BowItemController.h">
      <Filter>Header Files</Filter>
    </ClInclude>
    <ClInclude Include="header\Item\Controllers\GauntletItemController.h">
      <Filter>Header Files</Filter>
    </ClInclude>
    <ClInclude Include="header\Item\Controllers\BootItemController.h">
      <Filter>Header Files</Filter>
    </ClInclude>
    <ClInclude Include="header\Item\Controllers\AmuletItemController.h">
      <Filter>Header Files</Filter>
    </ClInclude>
    <ClInclude Include="header\Ability\SpecialAbilityType.h">
      <Filter>Header Files</Filter>
    </ClInclude>
    <ClInclude Include="header\Ability\SpecialAbilityController.h">
      <Filter>Header Files</Filter>
    </ClInclude>
    <ClInclude Include="header\Ability\Controllers\CriticalHitSpecialAbilityController.h">
      <Filter>Header Files</Filter>
    </ClInclude>
    <ClInclude Include="header\Ability\Controllers\BlockerSpecialAbilityController.h">
      <Filter>Header Files</Filter>
    </ClInclude>
    <ClInclude Include="header\Ability\Controllers\LifeStealSpecialAbilityController.h">
      <Filter>Header Files</Filter>
    </ClInclude>
    <ClInclude Include="header\Ability\Controllers\RangedAttackSpecialAbilityController.h">
      <Filter>Header Files</Filter>
    </ClInclude>
    <ClInclude Include="header\Ability\Controllers\GroundSlashSpecialAbilityController.h">
      <Filter>Header Files</Filter>
    </ClInclude>
    <ClInclude Include="header\Ability\Controllers\SpeedDashSpecialAbilityController.h">
      <Filter>Header Files</Filter>
    </ClInclude>
    <ClInclude Include="header\Ability\Controllers\HealthRegenerationSpecialAbilityController.h">
      <Filter>Header Files</Filter>
    </ClInclude>
  </ItemGroup>
</Project>